
Microsoft Visual Studio Solution File, Format Version 12.00
# Visual Studio Version 17
VisualStudioVersion = 17.6.33815.320
MinimumVisualStudioVersion = 10.0.40219.1
Project("{9A19103F-16F7-4668-BE54-9A1E7A4F7556}") = "Biky Backend", "Biky Backend\Biky Backend.csproj", "{B70059F5-D19E-4AD6-A36C-E7DC95CAEB23}"
	ProjectSection(ProjectDependencies) = postProject
		{00485FC1-A864-4CE3-AB71-E4C7E9905330} = {00485FC1-A864-4CE3-AB71-E4C7E9905330}
		{2DBACAA7-8E50-408B-8E7E-4FD495728752} = {2DBACAA7-8E50-408B-8E7E-4FD495728752}
	EndProjectSection
EndProject
Global
	GlobalSection(SolutionConfigurationPlatforms) = preSolution
		Debug|Any CPU = Debug|Any CPU
		Release|Any CPU = Release|Any CPU
	EndGlobalSection
	GlobalSection(ProjectConfigurationPlatforms) = postSolution
		{B70059F5-D19E-4AD6-A36C-E7DC95CAEB23}.Debug|Any CPU.ActiveCfg = Debug|Any CPU
		{B70059F5-D19E-4AD6-A36C-E7DC95CAEB23}.Debug|Any CPU.Build.0 = Debug|Any CPU
		{B70059F5-D19E-4AD6-A36C-E7DC95CAEB23}.Release|Any CPU.ActiveCfg = Release|Any CPU
		{B70059F5-D19E-4AD6-A36C-E7DC95CAEB23}.Release|Any CPU.Build.0 = Release|Any CPU
	EndGlobalSection
	GlobalSection(SolutionProperties) = preSolution
		HideSolutionNode = FALSE
	EndGlobalSection
	GlobalSection(ExtensibilityGlobals) = postSolution
		SolutionGuid = {B4A737BE-78FB-46A4-BFE1-E1880DF677D7}
	EndGlobalSection
EndGlobal
